
Microsoft Visual Studio Solution File, Format Version 12.00
Project("{2150E333-8FDC-42A3-9474-1A3956D46DE8}") = "Services", "Services", "{7B3E250A-AEB7-4E09-B76B-37D931A44DE6}"
EndProject
Project("{2150E333-8FDC-42A3-9474-1A3956D46DE8}") = "WebApps", "WebApps", "{03CC76CB-6B34-4744-858B-905845859B60}"
EndProject
Project("{2150E333-8FDC-42A3-9474-1A3956D46DE8}") = "Cadastros", "Cadastros", "{CCF9C436-2522-4CB2-8A95-88EAA30EA6C2}"
EndProject
Project("{2150E333-8FDC-42A3-9474-1A3956D46DE8}") = "Catalogo", "Catalogo", "{A44908B0-8195-48F7-95D4-F9C434AC5F2B}"
EndProject
Project("{2150E333-8FDC-42A3-9474-1A3956D46DE8}") = "Core", "Core", "{701C849F-4CF4-47EC-A18F-5B5B05A934C5}"
EndProject
Project("{2150E333-8FDC-42A3-9474-1A3956D46DE8}") = "Fiscal", "Fiscal", "{E851D496-9F57-4C29-8FAD-DEE4C64A30FC}"
EndProject
Project("{2150E333-8FDC-42A3-9474-1A3956D46DE8}") = "Pagamentos", "Pagamentos", "{6C9D261B-42AA-4B3B-A6E3-5082E0003DBF}"
EndProject
Project("{2150E333-8FDC-42A3-9474-1A3956D46DE8}") = "Vendas", "Vendas", "{CA737C4C-D37B-4A90-A1D4-35EEDF575A15}"
EndProject
Project("{FAE04EC0-301F-11D3-BF4B-00C04F79EFBC}") = "NerdStore.Catalogo.Domain", "src\NerdStore.Catalogo.Domain\NerdStore.Catalogo.Domain.csproj", "{FE8102A0-329F-45AB-8425-8B612B8D707E}"
EndProject
Project("{FAE04EC0-301F-11D3-BF4B-00C04F79EFBC}") = "NerdStore.Core", "src\NerdStore.Core\NerdStore.Core.csproj", "{DFA15ADA-FD89-4546-847D-89B5162C8C2F}"
EndProject
Global
	GlobalSection(SolutionConfigurationPlatforms) = preSolution
		Debug|Any CPU = Debug|Any CPU
		Release|Any CPU = Release|Any CPU
	EndGlobalSection
	GlobalSection(NestedProjects) = preSolution
		{CCF9C436-2522-4CB2-8A95-88EAA30EA6C2} = {7B3E250A-AEB7-4E09-B76B-37D931A44DE6}
		{A44908B0-8195-48F7-95D4-F9C434AC5F2B} = {7B3E250A-AEB7-4E09-B76B-37D931A44DE6}
		{701C849F-4CF4-47EC-A18F-5B5B05A934C5} = {7B3E250A-AEB7-4E09-B76B-37D931A44DE6}
		{E851D496-9F57-4C29-8FAD-DEE4C64A30FC} = {7B3E250A-AEB7-4E09-B76B-37D931A44DE6}
		{6C9D261B-42AA-4B3B-A6E3-5082E0003DBF} = {7B3E250A-AEB7-4E09-B76B-37D931A44DE6}
		{CA737C4C-D37B-4A90-A1D4-35EEDF575A15} = {7B3E250A-AEB7-4E09-B76B-37D931A44DE6}
		{FE8102A0-329F-45AB-8425-8B612B8D707E} = {A44908B0-8195-48F7-95D4-F9C434AC5F2B}
		{DFA15ADA-FD89-4546-847D-89B5162C8C2F} = {701C849F-4CF4-47EC-A18F-5B5B05A934C5}
	EndGlobalSection
	GlobalSection(ProjectConfigurationPlatforms) = postSolution
		{FE8102A0-329F-45AB-8425-8B612B8D707E}.Debug|Any CPU.ActiveCfg = Debug|Any CPU
		{FE8102A0-329F-45AB-8425-8B612B8D707E}.Debug|Any CPU.Build.0 = Debug|Any CPU
		{FE8102A0-329F-45AB-8425-8B612B8D707E}.Release|Any CPU.ActiveCfg = Release|Any CPU
		{FE8102A0-329F-45AB-8425-8B612B8D707E}.Release|Any CPU.Build.0 = Release|Any CPU
		{DFA15ADA-FD89-4546-847D-89B5162C8C2F}.Debug|Any CPU.ActiveCfg = Debug|Any CPU
		{DFA15ADA-FD89-4546-847D-89B5162C8C2F}.Debug|Any CPU.Build.0 = Debug|Any CPU
		{DFA15ADA-FD89-4546-847D-89B5162C8C2F}.Release|Any CPU.ActiveCfg = Release|Any CPU
		{DFA15ADA-FD89-4546-847D-89B5162C8C2F}.Release|Any CPU.Build.0 = Release|Any CPU
	EndGlobalSection
EndGlobal
